
Microsoft Visual Studio Solution File, Format Version 12.00
# Visual Studio Version 17
VisualStudioVersion = 17.0.31903.59
MinimumVisualStudioVersion = 10.0.40219.1
Project("{9A19103F-16F7-4668-BE54-9A1E7A4F7556}") = "Domain", "Domain\Domain.csproj", "{928580F2-D3C6-421A-AD82-1835536FD353}"
EndProject
Project("{2150E333-8FDC-42A3-9474-1A3956D46DE8}") = "Test", "Test", "{7DC91B93-4273-41C6-B504-B72DA0617ACC}"
EndProject
Project("{9A19103F-16F7-4668-BE54-9A1E7A4F7556}") = "Server", "Server\Server.csproj", "{E5C927B5-EE0B-4EE4-8A30-D5B9871EE4A3}"
EndProject
Project("{9A19103F-16F7-4668-BE54-9A1E7A4F7556}") = "Application", "Application\Application.csproj", "{DA87B014-FE7F-412E-A2B3-1EEF89731F71}"
EndProject
Project("{9A19103F-16F7-4668-BE54-9A1E7A4F7556}") = "ApplicationTests", "Test\ApplicationTests\ApplicationTests.csproj", "{7A046BE3-F958-40E7-8983-1F3F17D47719}"
EndProject
Project("{9A19103F-16F7-4668-BE54-9A1E7A4F7556}") = "DomainTests", "Test\DomainTests\DomainTests.csproj", "{99A640BE-CB0B-4822-BF61-B2FAE2FFB4D7}"
EndProject
Project("{9A19103F-16F7-4668-BE54-9A1E7A4F7556}") = "ServerTests", "Test\ServerTests\ServerTests.csproj", "{0E459B0A-840A-4C8E-A8CC-B6225D8C4F3F}"
EndProject
Global
	GlobalSection(SolutionConfigurationPlatforms) = preSolution
		Debug|Any CPU = Debug|Any CPU
		Release|Any CPU = Release|Any CPU
	EndGlobalSection
	GlobalSection(ProjectConfigurationPlatforms) = postSolution
		{928580F2-D3C6-421A-AD82-1835536FD353}.Debug|Any CPU.ActiveCfg = Debug|Any CPU
		{928580F2-D3C6-421A-AD82-1835536FD353}.Debug|Any CPU.Build.0 = Debug|Any CPU
		{928580F2-D3C6-421A-AD82-1835536FD353}.Release|Any CPU.ActiveCfg = Release|Any CPU
		{928580F2-D3C6-421A-AD82-1835536FD353}.Release|Any CPU.Build.0 = Release|Any CPU
		{E5C927B5-EE0B-4EE4-8A30-D5B9871EE4A3}.Debug|Any CPU.ActiveCfg = Debug|Any CPU
		{E5C927B5-EE0B-4EE4-8A30-D5B9871EE4A3}.Debug|Any CPU.Build.0 = Debug|Any CPU
		{E5C927B5-EE0B-4EE4-8A30-D5B9871EE4A3}.Release|Any CPU.ActiveCfg = Release|Any CPU
		{E5C927B5-EE0B-4EE4-8A30-D5B9871EE4A3}.Release|Any CPU.Build.0 = Release|Any CPU
		{DA87B014-FE7F-412E-A2B3-1EEF89731F71}.Debug|Any CPU.ActiveCfg = Debug|Any CPU
		{DA87B014-FE7F-412E-A2B3-1EEF89731F71}.Debug|Any CPU.Build.0 = Debug|Any CPU
		{DA87B014-FE7F-412E-A2B3-1EEF89731F71}.Release|Any CPU.ActiveCfg = Release|Any CPU
		{DA87B014-FE7F-412E-A2B3-1EEF89731F71}.Release|Any CPU.Build.0 = Release|Any CPU
		{7A046BE3-F958-40E7-8983-1F3F17D47719}.Debug|Any CPU.ActiveCfg = Debug|Any CPU
		{7A046BE3-F958-40E7-8983-1F3F17D47719}.Debug|Any CPU.Build.0 = Debug|Any CPU
		{7A046BE3-F958-40E7-8983-1F3F17D47719}.Release|Any CPU.ActiveCfg = Release|Any CPU
		{7A046BE3-F958-40E7-8983-1F3F17D47719}.Release|Any CPU.Build.0 = Release|Any CPU
		{99A640BE-CB0B-4822-BF61-B2FAE2FFB4D7}.Debug|Any CPU.ActiveCfg = Debug|Any CPU
		{99A640BE-CB0B-4822-BF61-B2FAE2FFB4D7}.Debug|Any CPU.Build.0 = Debug|Any CPU
		{99A640BE-CB0B-4822-BF61-B2FAE2FFB4D7}.Release|Any CPU.ActiveCfg = Release|Any CPU
		{99A640BE-CB0B-4822-BF61-B2FAE2FFB4D7}.Release|Any CPU.Build.0 = Release|Any CPU
		{0E459B0A-840A-4C8E-A8CC-B6225D8C4F3F}.Debug|Any CPU.ActiveCfg = Debug|Any CPU
		{0E459B0A-840A-4C8E-A8CC-B6225D8C4F3F}.Debug|Any CPU.Build.0 = Debug|Any CPU
		{0E459B0A-840A-4C8E-A8CC-B6225D8C4F3F}.Release|Any CPU.ActiveCfg = Release|Any CPU
		{0E459B0A-840A-4C8E-A8CC-B6225D8C4F3F}.Release|Any CPU.Build.0 = Release|Any CPU
	EndGlobalSection
	GlobalSection(SolutionProperties) = preSolution
		HideSolutionNode = FALSE
	EndGlobalSection
	GlobalSection(NestedProjects) = preSolution
		{7A046BE3-F958-40E7-8983-1F3F17D47719} = {7DC91B93-4273-41C6-B504-B72DA0617ACC}
		{99A640BE-CB0B-4822-BF61-B2FAE2FFB4D7} = {7DC91B93-4273-41C6-B504-B72DA0617ACC}
		{0E459B0A-840A-4C8E-A8CC-B6225D8C4F3F} = {7DC91B93-4273-41C6-B504-B72DA0617ACC}
	EndGlobalSection
	GlobalSection(ExtensibilityGlobals) = postSolution
		SolutionGuid = {6585E240-3235-4BD7-BDF5-456A83B85D9F}
	EndGlobalSection
EndGlobal
